
Microsoft Visual Studio Solution File, Format Version 12.00
# Visual Studio 15
VisualStudioVersion = 15.0.26124.0
MinimumVisualStudioVersion = 15.0.26124.0
Project("{9A19103F-16F7-4668-BE54-9A1E7A4F7556}") = "Sefer.Backend.Api.Data", "src\Sefer.Backend.Api.Data\Sefer.Backend.Api.Data.csproj", "{C65AB5C8-DFE3-4816-BE60-C793ED54E974}"
EndProject
Project("{FAE04EC0-301F-11D3-BF4B-00C04F79EFBC}") = "Sefer.Backend.Api.Extensions", "src\Sefer.Backend.Api.Extensions\Sefer.Backend.Api.Extensions.csproj", "{1FB78F20-256B-470A-B549-1ECD7424A507}"
EndProject
Project("{9A19103F-16F7-4668-BE54-9A1E7A4F7556}") = "Sefer.Backend.Api.Services", "src\Sefer.Backend.Api.Services\Sefer.Backend.Api.Services.csproj", "{DB2C1EC9-11D5-414A-B378-5B5E95475E0E}"
EndProject
Project("{9A19103F-16F7-4668-BE54-9A1E7A4F7556}") = "Sefer.Backend.Api.Shared", "src\Sefer.Backend.Api.Shared\Sefer.Backend.Api.Shared.csproj", "{6239EE1D-E539-4F97-BC58-2CE6A9F7CFFF}"
EndProject
Project("{9A19103F-16F7-4668-BE54-9A1E7A4F7556}") = "Sefer.Backend.Api", "src\Sefer.Backend.Api\Sefer.Backend.Api.csproj", "{6C6A7520-48AF-4C9E-9900-C66836851731}"
EndProject
Project("{2150E333-8FDC-42A3-9474-1A3956D46DE8}") = "test", "test", "{5378F099-BF04-4309-9F8B-F5C68D079FE3}"
EndProject
Project("{9A19103F-16F7-4668-BE54-9A1E7A4F7556}") = "Sefer.Backend.Api.Test", "test\Sefer.Backend.Api.Test\Sefer.Backend.Api.Test.csproj", "{7EBAF012-57D9-4460-9E12-0A158B84226C}"
EndProject
Project("{2150E333-8FDC-42A3-9474-1A3956D46DE8}") = "src", "src", "{22E8B7D2-8F8C-4E90-9CA9-5E9D7284B429}"
EndProject
Project("{9A19103F-16F7-4668-BE54-9A1E7A4F7556}") = "Sefer.Backend.Api.Data.Requests", "src\Sefer.Backend.Api.Data.Requests\Sefer.Backend.Api.Data.Requests.csproj", "{8EED76A0-163B-4B99-8526-9987EECE6632}"
EndProject
Project("{9A19103F-16F7-4668-BE54-9A1E7A4F7556}") = "Sefer.Backend.Api.Data.Handlers", "src\Sefer.Backend.Api.Data.Handlers\Sefer.Backend.Api.Data.Handlers.csproj", "{C3DADA86-00EB-4A46-805F-37F6AB8D66CC}"
EndProject
Project("{9A19103F-16F7-4668-BE54-9A1E7A4F7556}") = "Sefer.Backend.Api.Chat", "src\Sefer.Backend.Api.Chat\Sefer.Backend.Api.Chat.csproj", "{F26C3471-552E-4C20-8C31-92D3C559BCB3}"
EndProject
Project("{9A19103F-16F7-4668-BE54-9A1E7A4F7556}") = "Sefer.Backend.Api.Notifications", "src\Sefer.Backend.Api.Notifications\Sefer.Backend.Api.Notifications.csproj", "{18655758-2935-4226-B666-6AF8BE26C6B4}"
EndProject
Project("{9A19103F-16F7-4668-BE54-9A1E7A4F7556}") = "Sefer.Backend.Api.Data.Models", "src\Sefer.Backend.Api.Data.Models\Sefer.Backend.Api.Data.Models.csproj", "{36A1BE6A-A6C5-4867-86C8-BE6CC505EE5F}"
EndProject
Project("{9A19103F-16F7-4668-BE54-9A1E7A4F7556}") = "Sefer.Backend.Api.Data.Algorithms", "src\Sefer.Backend.Api.Data.Algorithms\Sefer.Backend.Api.Data.Algorithms.csproj", "{E64F9B86-5C76-4A78-B2E5-B6953E272DC0}"
EndProject
Project("{9A19103F-16F7-4668-BE54-9A1E7A4F7556}") = "Sefer.Backend.Api.Data.Handlers.Test", "test\Sefer.Backend.Api.Data.Handlers.Test\Sefer.Backend.Api.Data.Handlers.Test.csproj", "{4A8FB41D-70A5-421A-94ED-5A4C519F73BC}"
EndProject
Project("{9A19103F-16F7-4668-BE54-9A1E7A4F7556}") = "Sefer.Backend.Api.Data.Algorithms.Test", "test\Sefer.Backend.Api.Data.Algorithms.Test\Sefer.Backend.Api.Data.Algorithms.Test.csproj", "{B8F2DE5F-90ED-4675-803E-9255D7E1BCBF}"
EndProject
Project("{FAE04EC0-301F-11D3-BF4B-00C04F79EFBC}") = "Sefer.Backend.Api.Notifications.Test", "test\Sefer.Backend.Api.Notifications.Test\Sefer.Backend.Api.Notifications.Test.csproj", "{3578FB67-F930-40B1-82ED-DF32DB2FAF3A}"
EndProject
Project("{FAE04EC0-301F-11D3-BF4B-00C04F79EFBC}") = "Sefer.Backend.Api.Services.Test", "test\Sefer.Backend.Api.Services.Test\Sefer.Backend.Api.Services.Test.csproj", "{A9EFB86C-4960-4982-98CE-1915C1892170}"
EndProject
Project("{FAE04EC0-301F-11D3-BF4B-00C04F79EFBC}") = "Sefer.Backend.Api.Chat.Test", "test\Sefer.Backend.Api.Chat.Test\Sefer.Backend.Api.Chat.Test.csproj", "{5479682F-F6CE-49F3-BB63-A182F690B7CD}"
EndProject
Global
	GlobalSection(SolutionConfigurationPlatforms) = preSolution
		Debug|Any CPU = Debug|Any CPU
		Debug|x64 = Debug|x64
		Debug|x86 = Debug|x86
		Release|Any CPU = Release|Any CPU
		Release|x64 = Release|x64
		Release|x86 = Release|x86
	EndGlobalSection
	GlobalSection(SolutionProperties) = preSolution
		HideSolutionNode = FALSE
	EndGlobalSection
	GlobalSection(ProjectConfigurationPlatforms) = postSolution
		{C65AB5C8-DFE3-4816-BE60-C793ED54E974}.Debug|Any CPU.ActiveCfg = Debug|Any CPU
		{C65AB5C8-DFE3-4816-BE60-C793ED54E974}.Debug|Any CPU.Build.0 = Debug|Any CPU
		{C65AB5C8-DFE3-4816-BE60-C793ED54E974}.Debug|x64.ActiveCfg = Debug|Any CPU
		{C65AB5C8-DFE3-4816-BE60-C793ED54E974}.Debug|x64.Build.0 = Debug|Any CPU
		{C65AB5C8-DFE3-4816-BE60-C793ED54E974}.Debug|x86.ActiveCfg = Debug|Any CPU
		{C65AB5C8-DFE3-4816-BE60-C793ED54E974}.Debug|x86.Build.0 = Debug|Any CPU
		{C65AB5C8-DFE3-4816-BE60-C793ED54E974}.Release|Any CPU.ActiveCfg = Release|Any CPU
		{C65AB5C8-DFE3-4816-BE60-C793ED54E974}.Release|Any CPU.Build.0 = Release|Any CPU
		{C65AB5C8-DFE3-4816-BE60-C793ED54E974}.Release|x64.ActiveCfg = Release|Any CPU
		{C65AB5C8-DFE3-4816-BE60-C793ED54E974}.Release|x64.Build.0 = Release|Any CPU
		{C65AB5C8-DFE3-4816-BE60-C793ED54E974}.Release|x86.ActiveCfg = Release|Any CPU
		{C65AB5C8-DFE3-4816-BE60-C793ED54E974}.Release|x86.Build.0 = Release|Any CPU
		{1FB78F20-256B-470A-B549-1ECD7424A507}.Debug|Any CPU.ActiveCfg = Debug|Any CPU
		{1FB78F20-256B-470A-B549-1ECD7424A507}.Debug|Any CPU.Build.0 = Debug|Any CPU
		{1FB78F20-256B-470A-B549-1ECD7424A507}.Debug|x64.ActiveCfg = Debug|Any CPU
		{1FB78F20-256B-470A-B549-1ECD7424A507}.Debug|x64.Build.0 = Debug|Any CPU
		{1FB78F20-256B-470A-B549-1ECD7424A507}.Debug|x86.ActiveCfg = Debug|Any CPU
		{1FB78F20-256B-470A-B549-1ECD7424A507}.Debug|x86.Build.0 = Debug|Any CPU
		{1FB78F20-256B-470A-B549-1ECD7424A507}.Release|Any CPU.ActiveCfg = Release|Any CPU
		{1FB78F20-256B-470A-B549-1ECD7424A507}.Release|Any CPU.Build.0 = Release|Any CPU
		{1FB78F20-256B-470A-B549-1ECD7424A507}.Release|x64.ActiveCfg = Release|Any CPU
		{1FB78F20-256B-470A-B549-1ECD7424A507}.Release|x64.Build.0 = Release|Any CPU
		{1FB78F20-256B-470A-B549-1ECD7424A507}.Release|x86.ActiveCfg = Release|Any CPU
		{1FB78F20-256B-470A-B549-1ECD7424A507}.Release|x86.Build.0 = Release|Any CPU
		{DB2C1EC9-11D5-414A-B378-5B5E95475E0E}.Debug|Any CPU.ActiveCfg = Debug|Any CPU
		{DB2C1EC9-11D5-414A-B378-5B5E95475E0E}.Debug|Any CPU.Build.0 = Debug|Any CPU
		{DB2C1EC9-11D5-414A-B378-5B5E95475E0E}.Debug|x64.ActiveCfg = Debug|Any CPU
		{DB2C1EC9-11D5-414A-B378-5B5E95475E0E}.Debug|x64.Build.0 = Debug|Any CPU
		{DB2C1EC9-11D5-414A-B378-5B5E95475E0E}.Debug|x86.ActiveCfg = Debug|Any CPU
		{DB2C1EC9-11D5-414A-B378-5B5E95475E0E}.Debug|x86.Build.0 = Debug|Any CPU
		{DB2C1EC9-11D5-414A-B378-5B5E95475E0E}.Release|Any CPU.ActiveCfg = Release|Any CPU
		{DB2C1EC9-11D5-414A-B378-5B5E95475E0E}.Release|Any CPU.Build.0 = Release|Any CPU
		{DB2C1EC9-11D5-414A-B378-5B5E95475E0E}.Release|x64.ActiveCfg = Release|Any CPU
		{DB2C1EC9-11D5-414A-B378-5B5E95475E0E}.Release|x64.Build.0 = Release|Any CPU
		{DB2C1EC9-11D5-414A-B378-5B5E95475E0E}.Release|x86.ActiveCfg = Release|Any CPU
		{DB2C1EC9-11D5-414A-B378-5B5E95475E0E}.Release|x86.Build.0 = Release|Any CPU
		{6239EE1D-E539-4F97-BC58-2CE6A9F7CFFF}.Debug|Any CPU.ActiveCfg = Debug|Any CPU
		{6239EE1D-E539-4F97-BC58-2CE6A9F7CFFF}.Debug|Any CPU.Build.0 = Debug|Any CPU
		{6239EE1D-E539-4F97-BC58-2CE6A9F7CFFF}.Debug|x64.ActiveCfg = Debug|Any CPU
		{6239EE1D-E539-4F97-BC58-2CE6A9F7CFFF}.Debug|x64.Build.0 = Debug|Any CPU
		{6239EE1D-E539-4F97-BC58-2CE6A9F7CFFF}.Debug|x86.ActiveCfg = Debug|Any CPU
		{6239EE1D-E539-4F97-BC58-2CE6A9F7CFFF}.Debug|x86.Build.0 = Debug|Any CPU
		{6239EE1D-E539-4F97-BC58-2CE6A9F7CFFF}.Release|Any CPU.ActiveCfg = Release|Any CPU
		{6239EE1D-E539-4F97-BC58-2CE6A9F7CFFF}.Release|Any CPU.Build.0 = Release|Any CPU
		{6239EE1D-E539-4F97-BC58-2CE6A9F7CFFF}.Release|x64.ActiveCfg = Release|Any CPU
		{6239EE1D-E539-4F97-BC58-2CE6A9F7CFFF}.Release|x64.Build.0 = Release|Any CPU
		{6239EE1D-E539-4F97-BC58-2CE6A9F7CFFF}.Release|x86.ActiveCfg = Release|Any CPU
		{6239EE1D-E539-4F97-BC58-2CE6A9F7CFFF}.Release|x86.Build.0 = Release|Any CPU
		{6C6A7520-48AF-4C9E-9900-C66836851731}.Debug|Any CPU.ActiveCfg = Debug|Any CPU
		{6C6A7520-48AF-4C9E-9900-C66836851731}.Debug|Any CPU.Build.0 = Debug|Any CPU
		{6C6A7520-48AF-4C9E-9900-C66836851731}.Debug|x64.ActiveCfg = Debug|Any CPU
		{6C6A7520-48AF-4C9E-9900-C66836851731}.Debug|x64.Build.0 = Debug|Any CPU
		{6C6A7520-48AF-4C9E-9900-C66836851731}.Debug|x86.ActiveCfg = Debug|Any CPU
		{6C6A7520-48AF-4C9E-9900-C66836851731}.Debug|x86.Build.0 = Debug|Any CPU
		{6C6A7520-48AF-4C9E-9900-C66836851731}.Release|Any CPU.ActiveCfg = Release|Any CPU
		{6C6A7520-48AF-4C9E-9900-C66836851731}.Release|Any CPU.Build.0 = Release|Any CPU
		{6C6A7520-48AF-4C9E-9900-C66836851731}.Release|x64.ActiveCfg = Release|Any CPU
		{6C6A7520-48AF-4C9E-9900-C66836851731}.Release|x64.Build.0 = Release|Any CPU
		{6C6A7520-48AF-4C9E-9900-C66836851731}.Release|x86.ActiveCfg = Release|Any CPU
		{6C6A7520-48AF-4C9E-9900-C66836851731}.Release|x86.Build.0 = Release|Any CPU
		{7EBAF012-57D9-4460-9E12-0A158B84226C}.Debug|Any CPU.ActiveCfg = Debug|Any CPU
		{7EBAF012-57D9-4460-9E12-0A158B84226C}.Debug|Any CPU.Build.0 = Debug|Any CPU
		{7EBAF012-57D9-4460-9E12-0A158B84226C}.Debug|x64.ActiveCfg = Debug|Any CPU
		{7EBAF012-57D9-4460-9E12-0A158B84226C}.Debug|x64.Build.0 = Debug|Any CPU
		{7EBAF012-57D9-4460-9E12-0A158B84226C}.Debug|x86.ActiveCfg = Debug|Any CPU
		{7EBAF012-57D9-4460-9E12-0A158B84226C}.Debug|x86.Build.0 = Debug|Any CPU
		{7EBAF012-57D9-4460-9E12-0A158B84226C}.Release|Any CPU.ActiveCfg = Release|Any CPU
		{7EBAF012-57D9-4460-9E12-0A158B84226C}.Release|Any CPU.Build.0 = Release|Any CPU
		{7EBAF012-57D9-4460-9E12-0A158B84226C}.Release|x64.ActiveCfg = Release|Any CPU
		{7EBAF012-57D9-4460-9E12-0A158B84226C}.Release|x64.Build.0 = Release|Any CPU
		{7EBAF012-57D9-4460-9E12-0A158B84226C}.Release|x86.ActiveCfg = Release|Any CPU
		{7EBAF012-57D9-4460-9E12-0A158B84226C}.Release|x86.Build.0 = Release|Any CPU
		{8EED76A0-163B-4B99-8526-9987EECE6632}.Debug|Any CPU.ActiveCfg = Debug|Any CPU
		{8EED76A0-163B-4B99-8526-9987EECE6632}.Debug|Any CPU.Build.0 = Debug|Any CPU
		{8EED76A0-163B-4B99-8526-9987EECE6632}.Debug|x64.ActiveCfg = Debug|Any CPU
		{8EED76A0-163B-4B99-8526-9987EECE6632}.Debug|x64.Build.0 = Debug|Any CPU
		{8EED76A0-163B-4B99-8526-9987EECE6632}.Debug|x86.ActiveCfg = Debug|Any CPU
		{8EED76A0-163B-4B99-8526-9987EECE6632}.Debug|x86.Build.0 = Debug|Any CPU
		{8EED76A0-163B-4B99-8526-9987EECE6632}.Release|Any CPU.ActiveCfg = Release|Any CPU
		{8EED76A0-163B-4B99-8526-9987EECE6632}.Release|Any CPU.Build.0 = Release|Any CPU
		{8EED76A0-163B-4B99-8526-9987EECE6632}.Release|x64.ActiveCfg = Release|Any CPU
		{8EED76A0-163B-4B99-8526-9987EECE6632}.Release|x64.Build.0 = Release|Any CPU
		{8EED76A0-163B-4B99-8526-9987EECE6632}.Release|x86.ActiveCfg = Release|Any CPU
		{8EED76A0-163B-4B99-8526-9987EECE6632}.Release|x86.Build.0 = Release|Any CPU
		{C3DADA86-00EB-4A46-805F-37F6AB8D66CC}.Debug|Any CPU.ActiveCfg = Debug|Any CPU
		{C3DADA86-00EB-4A46-805F-37F6AB8D66CC}.Debug|Any CPU.Build.0 = Debug|Any CPU
		{C3DADA86-00EB-4A46-805F-37F6AB8D66CC}.Debug|x64.ActiveCfg = Debug|Any CPU
		{C3DADA86-00EB-4A46-805F-37F6AB8D66CC}.Debug|x64.Build.0 = Debug|Any CPU
		{C3DADA86-00EB-4A46-805F-37F6AB8D66CC}.Debug|x86.ActiveCfg = Debug|Any CPU
		{C3DADA86-00EB-4A46-805F-37F6AB8D66CC}.Debug|x86.Build.0 = Debug|Any CPU
		{C3DADA86-00EB-4A46-805F-37F6AB8D66CC}.Release|Any CPU.ActiveCfg = Release|Any CPU
		{C3DADA86-00EB-4A46-805F-37F6AB8D66CC}.Release|Any CPU.Build.0 = Release|Any CPU
		{C3DADA86-00EB-4A46-805F-37F6AB8D66CC}.Release|x64.ActiveCfg = Release|Any CPU
		{C3DADA86-00EB-4A46-805F-37F6AB8D66CC}.Release|x64.Build.0 = Release|Any CPU
		{C3DADA86-00EB-4A46-805F-37F6AB8D66CC}.Release|x86.ActiveCfg = Release|Any CPU
		{C3DADA86-00EB-4A46-805F-37F6AB8D66CC}.Release|x86.Build.0 = Release|Any CPU
		{F26C3471-552E-4C20-8C31-92D3C559BCB3}.Debug|Any CPU.ActiveCfg = Debug|Any CPU
		{F26C3471-552E-4C20-8C31-92D3C559BCB3}.Debug|Any CPU.Build.0 = Debug|Any CPU
		{F26C3471-552E-4C20-8C31-92D3C559BCB3}.Debug|x64.ActiveCfg = Debug|Any CPU
		{F26C3471-552E-4C20-8C31-92D3C559BCB3}.Debug|x64.Build.0 = Debug|Any CPU
		{F26C3471-552E-4C20-8C31-92D3C559BCB3}.Debug|x86.ActiveCfg = Debug|Any CPU
		{F26C3471-552E-4C20-8C31-92D3C559BCB3}.Debug|x86.Build.0 = Debug|Any CPU
		{F26C3471-552E-4C20-8C31-92D3C559BCB3}.Release|Any CPU.ActiveCfg = Release|Any CPU
		{F26C3471-552E-4C20-8C31-92D3C559BCB3}.Release|Any CPU.Build.0 = Release|Any CPU
		{F26C3471-552E-4C20-8C31-92D3C559BCB3}.Release|x64.ActiveCfg = Release|Any CPU
		{F26C3471-552E-4C20-8C31-92D3C559BCB3}.Release|x64.Build.0 = Release|Any CPU
		{F26C3471-552E-4C20-8C31-92D3C559BCB3}.Release|x86.ActiveCfg = Release|Any CPU
		{F26C3471-552E-4C20-8C31-92D3C559BCB3}.Release|x86.Build.0 = Release|Any CPU
		{18655758-2935-4226-B666-6AF8BE26C6B4}.Debug|Any CPU.ActiveCfg = Debug|Any CPU
		{18655758-2935-4226-B666-6AF8BE26C6B4}.Debug|Any CPU.Build.0 = Debug|Any CPU
		{18655758-2935-4226-B666-6AF8BE26C6B4}.Debug|x64.ActiveCfg = Debug|Any CPU
		{18655758-2935-4226-B666-6AF8BE26C6B4}.Debug|x64.Build.0 = Debug|Any CPU
		{18655758-2935-4226-B666-6AF8BE26C6B4}.Debug|x86.ActiveCfg = Debug|Any CPU
		{18655758-2935-4226-B666-6AF8BE26C6B4}.Debug|x86.Build.0 = Debug|Any CPU
		{18655758-2935-4226-B666-6AF8BE26C6B4}.Release|Any CPU.ActiveCfg = Release|Any CPU
		{18655758-2935-4226-B666-6AF8BE26C6B4}.Release|Any CPU.Build.0 = Release|Any CPU
		{18655758-2935-4226-B666-6AF8BE26C6B4}.Release|x64.ActiveCfg = Release|Any CPU
		{18655758-2935-4226-B666-6AF8BE26C6B4}.Release|x64.Build.0 = Release|Any CPU
		{18655758-2935-4226-B666-6AF8BE26C6B4}.Release|x86.ActiveCfg = Release|Any CPU
		{18655758-2935-4226-B666-6AF8BE26C6B4}.Release|x86.Build.0 = Release|Any CPU
		{36A1BE6A-A6C5-4867-86C8-BE6CC505EE5F}.Debug|Any CPU.ActiveCfg = Debug|Any CPU
		{36A1BE6A-A6C5-4867-86C8-BE6CC505EE5F}.Debug|Any CPU.Build.0 = Debug|Any CPU
		{36A1BE6A-A6C5-4867-86C8-BE6CC505EE5F}.Debug|x64.ActiveCfg = Debug|Any CPU
		{36A1BE6A-A6C5-4867-86C8-BE6CC505EE5F}.Debug|x64.Build.0 = Debug|Any CPU
		{36A1BE6A-A6C5-4867-86C8-BE6CC505EE5F}.Debug|x86.ActiveCfg = Debug|Any CPU
		{36A1BE6A-A6C5-4867-86C8-BE6CC505EE5F}.Debug|x86.Build.0 = Debug|Any CPU
		{36A1BE6A-A6C5-4867-86C8-BE6CC505EE5F}.Release|Any CPU.ActiveCfg = Release|Any CPU
		{36A1BE6A-A6C5-4867-86C8-BE6CC505EE5F}.Release|Any CPU.Build.0 = Release|Any CPU
		{36A1BE6A-A6C5-4867-86C8-BE6CC505EE5F}.Release|x64.ActiveCfg = Release|Any CPU
		{36A1BE6A-A6C5-4867-86C8-BE6CC505EE5F}.Release|x64.Build.0 = Release|Any CPU
		{36A1BE6A-A6C5-4867-86C8-BE6CC505EE5F}.Release|x86.ActiveCfg = Release|Any CPU
		{36A1BE6A-A6C5-4867-86C8-BE6CC505EE5F}.Release|x86.Build.0 = Release|Any CPU
		{E64F9B86-5C76-4A78-B2E5-B6953E272DC0}.Debug|Any CPU.ActiveCfg = Debug|Any CPU
		{E64F9B86-5C76-4A78-B2E5-B6953E272DC0}.Debug|Any CPU.Build.0 = Debug|Any CPU
		{E64F9B86-5C76-4A78-B2E5-B6953E272DC0}.Debug|x64.ActiveCfg = Debug|Any CPU
		{E64F9B86-5C76-4A78-B2E5-B6953E272DC0}.Debug|x64.Build.0 = Debug|Any CPU
		{E64F9B86-5C76-4A78-B2E5-B6953E272DC0}.Debug|x86.ActiveCfg = Debug|Any CPU
		{E64F9B86-5C76-4A78-B2E5-B6953E272DC0}.Debug|x86.Build.0 = Debug|Any CPU
		{E64F9B86-5C76-4A78-B2E5-B6953E272DC0}.Release|Any CPU.ActiveCfg = Release|Any CPU
		{E64F9B86-5C76-4A78-B2E5-B6953E272DC0}.Release|Any CPU.Build.0 = Release|Any CPU
		{E64F9B86-5C76-4A78-B2E5-B6953E272DC0}.Release|x64.ActiveCfg = Release|Any CPU
		{E64F9B86-5C76-4A78-B2E5-B6953E272DC0}.Release|x64.Build.0 = Release|Any CPU
		{E64F9B86-5C76-4A78-B2E5-B6953E272DC0}.Release|x86.ActiveCfg = Release|Any CPU
		{E64F9B86-5C76-4A78-B2E5-B6953E272DC0}.Release|x86.Build.0 = Release|Any CPU
		{4A8FB41D-70A5-421A-94ED-5A4C519F73BC}.Debug|Any CPU.ActiveCfg = Debug|Any CPU
		{4A8FB41D-70A5-421A-94ED-5A4C519F73BC}.Debug|Any CPU.Build.0 = Debug|Any CPU
		{4A8FB41D-70A5-421A-94ED-5A4C519F73BC}.Debug|x64.ActiveCfg = Debug|Any CPU
		{4A8FB41D-70A5-421A-94ED-5A4C519F73BC}.Debug|x64.Build.0 = Debug|Any CPU
		{4A8FB41D-70A5-421A-94ED-5A4C519F73BC}.Debug|x86.ActiveCfg = Debug|Any CPU
		{4A8FB41D-70A5-421A-94ED-5A4C519F73BC}.Debug|x86.Build.0 = Debug|Any CPU
		{4A8FB41D-70A5-421A-94ED-5A4C519F73BC}.Release|Any CPU.ActiveCfg = Release|Any CPU
		{4A8FB41D-70A5-421A-94ED-5A4C519F73BC}.Release|Any CPU.Build.0 = Release|Any CPU
		{4A8FB41D-70A5-421A-94ED-5A4C519F73BC}.Release|x64.ActiveCfg = Release|Any CPU
		{4A8FB41D-70A5-421A-94ED-5A4C519F73BC}.Release|x64.Build.0 = Release|Any CPU
		{4A8FB41D-70A5-421A-94ED-5A4C519F73BC}.Release|x86.ActiveCfg = Release|Any CPU
		{4A8FB41D-70A5-421A-94ED-5A4C519F73BC}.Release|x86.Build.0 = Release|Any CPU
		{B8F2DE5F-90ED-4675-803E-9255D7E1BCBF}.Debug|Any CPU.ActiveCfg = Debug|Any CPU
		{B8F2DE5F-90ED-4675-803E-9255D7E1BCBF}.Debug|Any CPU.Build.0 = Debug|Any CPU
		{B8F2DE5F-90ED-4675-803E-9255D7E1BCBF}.Debug|x64.ActiveCfg = Debug|Any CPU
		{B8F2DE5F-90ED-4675-803E-9255D7E1BCBF}.Debug|x64.Build.0 = Debug|Any CPU
		{B8F2DE5F-90ED-4675-803E-9255D7E1BCBF}.Debug|x86.ActiveCfg = Debug|Any CPU
		{B8F2DE5F-90ED-4675-803E-9255D7E1BCBF}.Debug|x86.Build.0 = Debug|Any CPU
		{B8F2DE5F-90ED-4675-803E-9255D7E1BCBF}.Release|Any CPU.ActiveCfg = Release|Any CPU
		{B8F2DE5F-90ED-4675-803E-9255D7E1BCBF}.Release|Any CPU.Build.0 = Release|Any CPU
		{B8F2DE5F-90ED-4675-803E-9255D7E1BCBF}.Release|x64.ActiveCfg = Release|Any CPU
		{B8F2DE5F-90ED-4675-803E-9255D7E1BCBF}.Release|x64.Build.0 = Release|Any CPU
		{B8F2DE5F-90ED-4675-803E-9255D7E1BCBF}.Release|x86.ActiveCfg = Release|Any CPU
		{B8F2DE5F-90ED-4675-803E-9255D7E1BCBF}.Release|x86.Build.0 = Release|Any CPU
		{3578FB67-F930-40B1-82ED-DF32DB2FAF3A}.Debug|Any CPU.ActiveCfg = Debug|Any CPU
		{3578FB67-F930-40B1-82ED-DF32DB2FAF3A}.Debug|Any CPU.Build.0 = Debug|Any CPU
		{3578FB67-F930-40B1-82ED-DF32DB2FAF3A}.Debug|x64.ActiveCfg = Debug|Any CPU
		{3578FB67-F930-40B1-82ED-DF32DB2FAF3A}.Debug|x64.Build.0 = Debug|Any CPU
		{3578FB67-F930-40B1-82ED-DF32DB2FAF3A}.Debug|x86.ActiveCfg = Debug|Any CPU
		{3578FB67-F930-40B1-82ED-DF32DB2FAF3A}.Debug|x86.Build.0 = Debug|Any CPU
		{3578FB67-F930-40B1-82ED-DF32DB2FAF3A}.Release|Any CPU.ActiveCfg = Release|Any CPU
		{3578FB67-F930-40B1-82ED-DF32DB2FAF3A}.Release|Any CPU.Build.0 = Release|Any CPU
		{3578FB67-F930-40B1-82ED-DF32DB2FAF3A}.Release|x64.ActiveCfg = Release|Any CPU
		{3578FB67-F930-40B1-82ED-DF32DB2FAF3A}.Release|x64.Build.0 = Release|Any CPU
		{3578FB67-F930-40B1-82ED-DF32DB2FAF3A}.Release|x86.ActiveCfg = Release|Any CPU
		{3578FB67-F930-40B1-82ED-DF32DB2FAF3A}.Release|x86.Build.0 = Release|Any CPU
		{A9EFB86C-4960-4982-98CE-1915C1892170}.Debug|Any CPU.ActiveCfg = Debug|Any CPU
		{A9EFB86C-4960-4982-98CE-1915C1892170}.Debug|Any CPU.Build.0 = Debug|Any CPU
		{A9EFB86C-4960-4982-98CE-1915C1892170}.Debug|x64.ActiveCfg = Debug|Any CPU
		{A9EFB86C-4960-4982-98CE-1915C1892170}.Debug|x64.Build.0 = Debug|Any CPU
		{A9EFB86C-4960-4982-98CE-1915C1892170}.Debug|x86.ActiveCfg = Debug|Any CPU
		{A9EFB86C-4960-4982-98CE-1915C1892170}.Debug|x86.Build.0 = Debug|Any CPU
		{A9EFB86C-4960-4982-98CE-1915C1892170}.Release|Any CPU.ActiveCfg = Release|Any CPU
		{A9EFB86C-4960-4982-98CE-1915C1892170}.Release|Any CPU.Build.0 = Release|Any CPU
		{A9EFB86C-4960-4982-98CE-1915C1892170}.Release|x64.ActiveCfg = Release|Any CPU
		{A9EFB86C-4960-4982-98CE-1915C1892170}.Release|x64.Build.0 = Release|Any CPU
		{A9EFB86C-4960-4982-98CE-1915C1892170}.Release|x86.ActiveCfg = Release|Any CPU
		{A9EFB86C-4960-4982-98CE-1915C1892170}.Release|x86.Build.0 = Release|Any CPU
		{5479682F-F6CE-49F3-BB63-A182F690B7CD}.Debug|Any CPU.ActiveCfg = Debug|Any CPU
		{5479682F-F6CE-49F3-BB63-A182F690B7CD}.Debug|Any CPU.Build.0 = Debug|Any CPU
		{5479682F-F6CE-49F3-BB63-A182F690B7CD}.Debug|x64.ActiveCfg = Debug|Any CPU
		{5479682F-F6CE-49F3-BB63-A182F690B7CD}.Debug|x64.Build.0 = Debug|Any CPU
		{5479682F-F6CE-49F3-BB63-A182F690B7CD}.Debug|x86.ActiveCfg = Debug|Any CPU
		{5479682F-F6CE-49F3-BB63-A182F690B7CD}.Debug|x86.Build.0 = Debug|Any CPU
		{5479682F-F6CE-49F3-BB63-A182F690B7CD}.Release|Any CPU.ActiveCfg = Release|Any CPU
		{5479682F-F6CE-49F3-BB63-A182F690B7CD}.Release|Any CPU.Build.0 = Release|Any CPU
		{5479682F-F6CE-49F3-BB63-A182F690B7CD}.Release|x64.ActiveCfg = Release|Any CPU
		{5479682F-F6CE-49F3-BB63-A182F690B7CD}.Release|x64.Build.0 = Release|Any CPU
		{5479682F-F6CE-49F3-BB63-A182F690B7CD}.Release|x86.ActiveCfg = Release|Any CPU
		{5479682F-F6CE-49F3-BB63-A182F690B7CD}.Release|x86.Build.0 = Release|Any CPU
	EndGlobalSection
	GlobalSection(NestedProjects) = preSolution
		{7EBAF012-57D9-4460-9E12-0A158B84226C} = {5378F099-BF04-4309-9F8B-F5C68D079FE3}
		{8EED76A0-163B-4B99-8526-9987EECE6632} = {22E8B7D2-8F8C-4E90-9CA9-5E9D7284B429}
		{C3DADA86-00EB-4A46-805F-37F6AB8D66CC} = {22E8B7D2-8F8C-4E90-9CA9-5E9D7284B429}
		{C65AB5C8-DFE3-4816-BE60-C793ED54E974} = {22E8B7D2-8F8C-4E90-9CA9-5E9D7284B429}
		{1FB78F20-256B-470A-B549-1ECD7424A507} = {22E8B7D2-8F8C-4E90-9CA9-5E9D7284B429}
		{DB2C1EC9-11D5-414A-B378-5B5E95475E0E} = {22E8B7D2-8F8C-4E90-9CA9-5E9D7284B429}
		{6239EE1D-E539-4F97-BC58-2CE6A9F7CFFF} = {22E8B7D2-8F8C-4E90-9CA9-5E9D7284B429}
		{6C6A7520-48AF-4C9E-9900-C66836851731} = {22E8B7D2-8F8C-4E90-9CA9-5E9D7284B429}
		{F26C3471-552E-4C20-8C31-92D3C559BCB3} = {22E8B7D2-8F8C-4E90-9CA9-5E9D7284B429}
		{18655758-2935-4226-B666-6AF8BE26C6B4} = {22E8B7D2-8F8C-4E90-9CA9-5E9D7284B429}
		{36A1BE6A-A6C5-4867-86C8-BE6CC505EE5F} = {22E8B7D2-8F8C-4E90-9CA9-5E9D7284B429}
		{E64F9B86-5C76-4A78-B2E5-B6953E272DC0} = {22E8B7D2-8F8C-4E90-9CA9-5E9D7284B429}
		{4A8FB41D-70A5-421A-94ED-5A4C519F73BC} = {5378F099-BF04-4309-9F8B-F5C68D079FE3}
		{B8F2DE5F-90ED-4675-803E-9255D7E1BCBF} = {5378F099-BF04-4309-9F8B-F5C68D079FE3}
		{3578FB67-F930-40B1-82ED-DF32DB2FAF3A} = {5378F099-BF04-4309-9F8B-F5C68D079FE3}
		{A9EFB86C-4960-4982-98CE-1915C1892170} = {5378F099-BF04-4309-9F8B-F5C68D079FE3}
		{5479682F-F6CE-49F3-BB63-A182F690B7CD} = {5378F099-BF04-4309-9F8B-F5C68D079FE3}
	EndGlobalSection
EndGlobal
